
Microsoft Visual Studio Solution File, Format Version 12.00
# Visual Studio Version 16
VisualStudioVersion = 16.0.30907.101
MinimumVisualStudioVersion = 10.0.40219.1
Project("{8BC9CEB8-8B4A-11D0-8D11-00A0C91BC942}") = "Perfusion", "Perfusion\Perfusion.vcxproj", "{A7397316-0AEF-4379-B285-C276DE02BDE1}"
	ProjectSection(ProjectDependencies) = postProject
		{1B1F64B3-B8A4-4BBB-BB66-F020E2D4F288} = {1B1F64B3-B8A4-4BBB-BB66-F020E2D4F288}
	EndProjectSection
EndProject
Project("{8BC9CEB8-8B4A-11D0-8D11-00A0C91BC942}") = "PerfusionDll", "PerfusionDll\PerfusionDll.vcxproj", "{1B1F64B3-B8A4-4BBB-BB66-F020E2D4F288}"
EndProject
Global
	GlobalSection(SolutionConfigurationPlatforms) = preSolution
		Debug|x64 = Debug|x64
		Debug|x86 = Debug|x86
		Release|x64 = Release|x64
		Release|x86 = Release|x86
	EndGlobalSection
	GlobalSection(ProjectConfigurationPlatforms) = postSolution
		{A7397316-0AEF-4379-B285-C276DE02BDE1}.Debug|x64.ActiveCfg = Debug|x64
		{A7397316-0AEF-4379-B285-C276DE02BDE1}.Debug|x64.Build.0 = Debug|x64
		{A7397316-0AEF-4379-B285-C276DE02BDE1}.Debug|x86.ActiveCfg = Debug|Win32
		{A7397316-0AEF-4379-B285-C276DE02BDE1}.Debug|x86.Build.0 = Debug|Win32
		{A7397316-0AEF-4379-B285-C276DE02BDE1}.Release|x64.ActiveCfg = Release|x64
		{A7397316-0AEF-4379-B285-C276DE02BDE1}.Release|x64.Build.0 = Release|x64
		{A7397316-0AEF-4379-B285-C276DE02BDE1}.Release|x86.ActiveCfg = Release|Win32
		{A7397316-0AEF-4379-B285-C276DE02BDE1}.Release|x86.Build.0 = Release|Win32
		{1B1F64B3-B8A4-4BBB-BB66-F020E2D4F288}.Debug|x64.ActiveCfg = Debug|x64
		{1B1F64B3-B8A4-4BBB-BB66-F020E2D4F288}.Debug|x64.Build.0 = Debug|x64
		{1B1F64B3-B8A4-4BBB-BB66-F020E2D4F288}.Debug|x86.ActiveCfg = Debug|Win32
		{1B1F64B3-B8A4-4BBB-BB66-F020E2D4F288}.Debug|x86.Build.0 = Debug|Win32
		{1B1F64B3-B8A4-4BBB-BB66-F020E2D4F288}.Release|x64.ActiveCfg = Release|x64
		{1B1F64B3-B8A4-4BBB-BB66-F020E2D4F288}.Release|x64.Build.0 = Release|x64
		{1B1F64B3-B8A4-4BBB-BB66-F020E2D4F288}.Release|x86.ActiveCfg = Release|Win32
		{1B1F64B3-B8A4-4BBB-BB66-F020E2D4F288}.Release|x86.Build.0 = Release|Win32
	EndGlobalSection
	GlobalSection(SolutionProperties) = preSolution
		HideSolutionNode = FALSE
	EndGlobalSection
	GlobalSection(ExtensibilityGlobals) = postSolution
		SolutionGuid = {FA7CFC1B-1173-4A42-AB18-AB4F89058B91}
	EndGlobalSection
EndGlobal
